{
  "name": "3",
  "version": "1.0.0",
  "lockfileVersion": 1,
  "requires": true,
  "dependencies": {
    "pangyaotool": {
      "version": "1.0.1",
      "resolved": "https://registry.npmjs.org/pangyaotool/-/pangyaotool-1.0.1.tgz",
      "integrity": "sha512-u4Kw8DZFsp/qveottPhOVXmOQPCS1gaNPi+H2rN6kN+XpdKEhEZVUailpt0v1fsq241pViQX6zoi/jJH0jhzFQ=="
    }
  }
}
