{
  "name": "3",
  "version": "1.0.0",
  "lockfileVersion": 1,
  "requires": true,
  "dependencies": {
    "pangyaotool": {
      "version": "1.0.0",
      "resolved": "https://registry.npmjs.org/pangyaotool/-/pangyaotool-1.0.0.tgz",
      "integrity": "sha512-rqyAmX/laBH+KfUa4RlFY7CaASDD5e9ywYjVEigIGjJYhWcAPdjupmlJX2UXLJJ/ljJj7aZcj2+iOaUS9RyLeA=="
    }
  }
}
